{
  "nodes": {
    "fenix": {
      "inputs": {
        "nixpkgs": [
          "nixpkgs"
        ],
        "rust-analyzer-src": "rust-analyzer-src"
      },
      "locked": {
        "lastModified": 1753771482,
        "narHash": "sha256-7WnYHGi5xT4PCacjM/UVp+k4ZYIIXwCf6CjVqgUnGTQ=",
        "owner": "nix-community",
        "repo": "fenix",
        "rev": "8b6da138fb7baefa04a4284c63b2abefdfbd2c6d",
        "type": "github"
      },
      "original": {
        "owner": "nix-community",
        "repo": "fenix",
        "type": "github"
      }
    },
    "flake-utils": {
      "inputs": {
        "systems": "systems"
      },
      "locked": {
        "lastModified": 1710146030,
        "narHash": "sha256-SZ5L6eA7HJ/nmkzGG7/ISclqe6oZdOZTNoesiInkXPQ=",
        "owner": "numtide",
        "repo": "flake-utils",
        "rev": "b1d9ab70662946ef0850d488da1c9019f3a9752a",
        "type": "github"
      },
      "original": {
        "owner": "numtide",
        "repo": "flake-utils",
        "type": "github"
      }
    },
    "gomod2nix": {
      "inputs": {
        "flake-utils": [
          "psgen",
          "flake-utils"
        ],
        "nixpkgs": [
          "psgen",
          "nixpkgs"
        ]
      },
      "locked": {
        "lastModified": 1750314194,
        "narHash": "sha256-SjpXWEeB+UIMzuCAF94PuyAXpJdnBLF45JvI6o4wKIU=",
        "owner": "tweag",
        "repo": "gomod2nix",
        "rev": "a5f75f563748599d448a4a076816041d7b0fc07e",
        "type": "github"
      },
      "original": {
        "owner": "tweag",
        "repo": "gomod2nix",
        "type": "github"
      }
    },
    "lowrisc-nix": {
      "inputs": {
        "flake-utils": [
          "flake-utils"
        ],
        "nixpkgs": [
          "nixpkgs"
        ],
        "poetry2nix": "poetry2nix",
        "rust-overlay": "rust-overlay"
      },
      "locked": {
        "lastModified": 1724163813,
        "narHash": "sha256-jdVhaKwR39AqQcSIe2euQkZwsu88qRcjsehO57tchVA=",
        "owner": "lowrisc",
        "repo": "lowrisc-nix",
        "rev": "7412a5a201df3e5837b42a9b831bdf5bb9105a3b",
        "type": "github"
      },
      "original": {
        "owner": "lowrisc",
        "repo": "lowrisc-nix",
        "type": "github"
      }
    },
    "lowrisc_sail": {
      "flake": false,
      "locked": {
        "lastModified": 1753116439,
        "narHash": "sha256-1eS8UJV3Fi4pTuPEq0o0y0RCwylIoRV3qjx2m7Bl9MY=",
        "owner": "lowrisc",
        "repo": "sail",
        "rev": "3cf947054e53f0d81ac6db256240d925fcbadbb9",
        "type": "github"
      },
      "original": {
        "owner": "lowrisc",
        "ref": "ast_translate",
        "repo": "sail",
        "type": "github"
      }
    },
    "lowrisc_sail_riscv": {
      "flake": false,
      "locked": {
        "lastModified": 1722338144,
        "narHash": "sha256-ALWgTa/AxCnHJlK/RSZ6856xK2lwHc6CzHGtf4d8C0s=",
        "owner": "lowrisc",
        "repo": "sail-riscv",
        "rev": "81a266b6f65365b34180af7b91708265da653878",
        "type": "github"
      },
      "original": {
        "owner": "lowrisc",
        "ref": "81a266b6f65365b34180af7b91708265da653878",
        "repo": "sail-riscv",
        "type": "github"
      }
    },
    "lowrisc_yosys_slang": {
      "flake": false,
      "locked": {
        "lastModified": 1753116324,
        "narHash": "sha256-hvMxtdOUHGBuvCzBW+OTNUhzgdNsUXCOTtxdQW4+GlA=",
        "ref": "formal",
        "rev": "fcaa8aec73c68c96494227d654bd7dd4897c19d1",
        "revCount": 495,
        "submodules": true,
        "type": "git",
        "url": "https://github.com/mndstrmr/yosys-slang"
      },
      "original": {
        "ref": "formal",
        "submodules": true,
        "type": "git",
        "url": "https://github.com/mndstrmr/yosys-slang"
      }
    },
    "mkshell-minimal": {
      "locked": {
        "lastModified": 1700988624,
        "narHash": "sha256-KJyiF67zVYOBkNltKhJATfSj+gfRFX9dSFIWDEBy2nQ=",
        "owner": "viperML",
        "repo": "mkshell-minimal",
        "rev": "6b0868be06da900b5fe6ece05616b84e3cbd7944",
        "type": "github"
      },
      "original": {
        "owner": "viperML",
        "repo": "mkshell-minimal",
        "type": "github"
      }
    },
    "nix-github-actions": {
      "inputs": {
        "nixpkgs": [
          "lowrisc-nix",
          "poetry2nix",
          "nixpkgs"
        ]
      },
      "locked": {
        "lastModified": 1703863825,
        "narHash": "sha256-rXwqjtwiGKJheXB43ybM8NwWB8rO2dSRrEqes0S7F5Y=",
        "owner": "nix-community",
        "repo": "nix-github-actions",
        "rev": "5163432afc817cf8bd1f031418d1869e4c9d5547",
        "type": "github"
      },
      "original": {
        "owner": "nix-community",
        "repo": "nix-github-actions",
        "type": "github"
      }
    },
    "nix-github-actions_2": {
      "inputs": {
        "nixpkgs": [
          "poetry2nix",
          "nixpkgs"
        ]
      },
      "locked": {
        "lastModified": 1703863825,
        "narHash": "sha256-rXwqjtwiGKJheXB43ybM8NwWB8rO2dSRrEqes0S7F5Y=",
        "owner": "nix-community",
        "repo": "nix-github-actions",
        "rev": "5163432afc817cf8bd1f031418d1869e4c9d5547",
        "type": "github"
      },
      "original": {
        "owner": "nix-community",
        "repo": "nix-github-actions",
        "type": "github"
      }
    },
    "nixpkgs": {
      "locked": {
        "lastModified": 1751211869,
        "narHash": "sha256-1Cu92i1KSPbhPCKxoiVG5qnoRiKTgR5CcGSRyLpOd7Y=",
        "owner": "NixOS",
        "repo": "nixpkgs",
        "rev": "b43c397f6c213918d6cfe6e3550abfe79b5d1c51",
        "type": "github"
      },
      "original": {
        "id": "nixpkgs",
        "ref": "nixos-25.05",
        "type": "indirect"
      }
    },
    "nixpkgs-old": {
      "locked": {
        "lastModified": 1735563628,
        "narHash": "sha256-OnSAY7XDSx7CtDoqNh8jwVwh4xNL/2HaJxGjryLWzX8=",
        "owner": "NixOS",
        "repo": "nixpkgs",
        "rev": "b134951a4c9f3c995fd7be05f3243f8ecd65d798",
        "type": "github"
      },
      "original": {
        "id": "nixpkgs",
        "ref": "nixos-24.05",
        "type": "indirect"
      }
    },
    "poetry2nix": {
      "inputs": {
        "flake-utils": [
          "lowrisc-nix",
          "flake-utils"
        ],
        "nix-github-actions": "nix-github-actions",
        "nixpkgs": [
          "lowrisc-nix",
          "nixpkgs"
        ],
        "systems": "systems_2",
        "treefmt-nix": "treefmt-nix"
      },
      "locked": {
        "lastModified": 1723854676,
        "narHash": "sha256-+BrHfNuXrqeE7PoV6xDaoh0joYiJkvTTCIV0fFR3THw=",
        "owner": "nix-community",
        "repo": "poetry2nix",
        "rev": "d650118bce34c0238b9b54f23f7f173f9e4db867",
        "type": "github"
      },
      "original": {
        "owner": "nix-community",
        "repo": "poetry2nix",
        "type": "github"
      }
    },
    "poetry2nix_2": {
      "inputs": {
        "flake-utils": [
          "flake-utils"
        ],
        "nix-github-actions": "nix-github-actions_2",
        "nixpkgs": [
          "nixpkgs"
        ],
        "systems": "systems_3",
        "treefmt-nix": "treefmt-nix_2"
      },
      "locked": {
        "lastModified": 1724417163,
        "narHash": "sha256-gD0N0pnKxWJcKtbetlkKOIumS0Zovgxx/nMfOIJIzoI=",
        "owner": "nix-community",
        "repo": "poetry2nix",
        "rev": "7619e43c2b48c29e24b88a415256f09df96ec276",
        "type": "github"
      },
      "original": {
        "owner": "nix-community",
        "repo": "poetry2nix",
        "type": "github"
      }
    },
    "psgen": {
      "inputs": {
        "flake-utils": [
          "flake-utils"
        ],
        "gomod2nix": "gomod2nix",
        "nixpkgs": [
          "nixpkgs"
        ]
      },
      "locked": {
        "lastModified": 1754386443,
        "narHash": "sha256-wJmFiXg8aEaSZu1LDV7nIE1JVBzkO5tXL1rz7uYm6DI=",
        "owner": "mndstrmr",
        "repo": "psgen",
        "rev": "dbf67e445c6978bffbf75f0dea0abf2b264e616a",
        "type": "github"
      },
      "original": {
        "owner": "mndstrmr",
        "repo": "psgen",
        "type": "github"
      }
    },
    "root": {
      "inputs": {
        "fenix": "fenix",
        "flake-utils": "flake-utils",
        "lowrisc-nix": "lowrisc-nix",
        "lowrisc_sail": "lowrisc_sail",
        "lowrisc_sail_riscv": "lowrisc_sail_riscv",
        "lowrisc_yosys_slang": "lowrisc_yosys_slang",
        "mkshell-minimal": "mkshell-minimal",
        "nixpkgs": "nixpkgs",
        "nixpkgs-old": "nixpkgs-old",
        "poetry2nix": "poetry2nix_2",
        "psgen": "psgen"
      }
    },
    "rust-analyzer-src": {
      "flake": false,
      "locked": {
        "lastModified": 1753724566,
        "narHash": "sha256-DolKhpXhoehwLX+K/4xRRIeppnJHgKk6xWJdqn/vM6w=",
        "owner": "rust-lang",
        "repo": "rust-analyzer",
        "rev": "511c999bea1c3c129b8eba713bb9b809a9003d00",
        "type": "github"
      },
      "original": {
        "owner": "rust-lang",
        "ref": "nightly",
        "repo": "rust-analyzer",
        "type": "github"
      }
    },
    "rust-overlay": {
      "inputs": {
        "nixpkgs": [
          "lowrisc-nix",
          "nixpkgs"
        ]
      },
      "locked": {
        "lastModified": 1724034091,
        "narHash": "sha256-b1g7w0sw+MDAhUAeCoX1vlTghsqcDZkxr+k9OZmxPa8=",
        "owner": "oxalica",
        "repo": "rust-overlay",
        "rev": "c7d36e0947826e0751a5214ffe82533fbc909bc0",
        "type": "github"
      },
      "original": {
        "owner": "oxalica",
        "repo": "rust-overlay",
        "type": "github"
      }
    },
    "systems": {
      "locked": {
        "lastModified": 1681028828,
        "narHash": "sha256-Vy1rq5AaRuLzOxct8nz4T6wlgyUR7zLU309k9mBC768=",
        "owner": "nix-systems",
        "repo": "default",
        "rev": "da67096a3b9bf56a91d16901293e51ba5b49a27e",
        "type": "github"
      },
      "original": {
        "owner": "nix-systems",
        "repo": "default",
        "type": "github"
      }
    },
    "systems_2": {
      "locked": {
        "lastModified": 1681028828,
        "narHash": "sha256-Vy1rq5AaRuLzOxct8nz4T6wlgyUR7zLU309k9mBC768=",
        "owner": "nix-systems",
        "repo": "default",
        "rev": "da67096a3b9bf56a91d16901293e51ba5b49a27e",
        "type": "github"
      },
      "original": {
        "id": "systems",
        "type": "indirect"
      }
    },
    "systems_3": {
      "locked": {
        "lastModified": 1681028828,
        "narHash": "sha256-Vy1rq5AaRuLzOxct8nz4T6wlgyUR7zLU309k9mBC768=",
        "owner": "nix-systems",
        "repo": "default",
        "rev": "da67096a3b9bf56a91d16901293e51ba5b49a27e",
        "type": "github"
      },
      "original": {
        "id": "systems",
        "type": "indirect"
      }
    },
    "treefmt-nix": {
      "inputs": {
        "nixpkgs": [
          "lowrisc-nix",
          "poetry2nix",
          "nixpkgs"
        ]
      },
      "locked": {
        "lastModified": 1719749022,
        "narHash": "sha256-ddPKHcqaKCIFSFc/cvxS14goUhCOAwsM1PbMr0ZtHMg=",
        "owner": "numtide",
        "repo": "treefmt-nix",
        "rev": "8df5ff62195d4e67e2264df0b7f5e8c9995fd0bd",
        "type": "github"
      },
      "original": {
        "owner": "numtide",
        "repo": "treefmt-nix",
        "type": "github"
      }
    },
    "treefmt-nix_2": {
      "inputs": {
        "nixpkgs": [
          "poetry2nix",
          "nixpkgs"
        ]
      },
      "locked": {
        "lastModified": 1719749022,
        "narHash": "sha256-ddPKHcqaKCIFSFc/cvxS14goUhCOAwsM1PbMr0ZtHMg=",
        "owner": "numtide",
        "repo": "treefmt-nix",
        "rev": "8df5ff62195d4e67e2264df0b7f5e8c9995fd0bd",
        "type": "github"
      },
      "original": {
        "owner": "numtide",
        "repo": "treefmt-nix",
        "type": "github"
      }
    }
  },
  "root": "root",
  "version": 7
}
